<Solution>
  <Project Path="Zad10_2/Zad10_2.csproj" Id="128ff6af-4034-4a3a-ac59-552da68ef386">
    <Deploy Solution="Debug|*" />
  </Project>
  <Project Path="Zad10_3/Zad10_3.csproj" Id="a7f02095-d015-4ac1-80af-3f243ccccd11">
    <Deploy Solution="Debug|*" />
  </Project>
  <Project Path="Zad11_2/Zad11_2.csproj" Id="200618eb-a643-4cc8-9249-ec270ed4cf80">
    <Deploy Solution="Debug|*" />
  </Project>
  <Project Path="Zad11_3/Zad11_3.csproj" Id="60697a08-cc76-4131-be45-61d0991e18c0">
    <Deploy Solution="Debug|*" />
  </Project>
  <Project Path="Zad12_2/Zad12_2.csproj" Id="653f2206-eae0-4515-a8d5-080969490963">
    <Deploy Solution="Debug|*" />
  </Project>
  <Project Path="Zad12_3/Zad12_3.csproj" Id="e1c1aeb8-f98e-4413-b2b3-80bc7e15007b">
    <Deploy Solution="Debug|*" />
  </Project>
  <Project Path="Zad13_2/Zad13_2.csproj" Id="f708796c-efbd-496f-92fb-58fe22441d22">
    <Deploy Solution="Debug|*" />
  </Project>
  <Project Path="Zad13_3/Zad13_3.csproj" Id="4f4d436e-ac88-40b8-a0b5-91d2f3201344">
    <Deploy Solution="Debug|*" />
  </Project>
  <Project Path="Zad14_2/Zad14_2.csproj" Id="ff728549-29aa-47dd-9fea-c59f2d9819c2">
    <Deploy Solution="Debug|*" />
  </Project>
  <Project Path="Zad14_3/Zad14_3.csproj" Id="87dd50d3-516c-49f1-9d33-a61d9f810b73">
    <Deploy Solution="Debug|*" />
  </Project>
  <Project Path="Zad15_2/Zad15_2.csproj" Id="9bec3c65-19f9-4b46-84c4-224527e069fd">
    <Deploy Solution="Debug|*" />
  </Project>
  <Project Path="Zad15_3/Zad15_3.csproj" Id="9aaf2adc-f4fc-44ee-b785-0ff0a1dc8e53">
    <Deploy Solution="Debug|*" />
  </Project>
  <Project Path="Zad1_2/Zad1_2.csproj" Id="9cd0c937-67e5-45f6-853d-4751db46efe5">
    <Deploy Solution="Debug|*" />
  </Project>
  <Project Path="Zad1_3/Zad1_3.csproj" Id="7bda84e4-80be-4125-a001-c4b2716dce7e">
    <Deploy Solution="Debug|*" />
  </Project>
  <Project Path="Zad2_2/Zad2_2.csproj" Id="749ccf98-1328-4d6f-b590-0ddfe3b0c843">
    <Deploy Solution="Debug|*" />
  </Project>
  <Project Path="Zad2_3/Zad2_3.csproj" Id="73821fa6-151d-4334-992c-6b90d0329927">
    <Deploy Solution="Debug|*" />
  </Project>
  <Project Path="Zad3_2/Zad3_2.csproj" Id="5d289731-ce77-44d7-9b0c-957d36dc6c10">
    <Deploy Solution="Debug|*" />
  </Project>
  <Project Path="Zad3_3/Zad3_3.csproj" Id="bbd7c7bc-4059-4c9e-a8dc-3c349942a5fd">
    <Deploy Solution="Debug|*" />
  </Project>
  <Project Path="Zad4_2/Zad4_2.csproj" Id="3f6477d3-d68a-4255-b8cc-b6408f9678cd">
    <Deploy Solution="Debug|*" />
  </Project>
  <Project Path="Zad4_3/Zad4_3.csproj" Id="f3385054-41c5-45b8-a7c0-724355223750">
    <Deploy Solution="Debug|*" />
  </Project>
  <Project Path="Zad5_2/Zad5_2.csproj" Id="93a31f76-b9c2-41ce-8711-23fe2e320d16">
    <Deploy Solution="Debug|*" />
  </Project>
  <Project Path="Zad5_3/Zad5_3.csproj" Id="5bb30935-4c37-483a-87a2-63390048c79f">
    <Deploy Solution="Debug|*" />
  </Project>
  <Project Path="Zad6_2/Zad6_2.csproj" Id="8373fa16-8026-4a4b-b443-bbece7cbc0a5">
    <Deploy Solution="Debug|*" />
  </Project>
  <Project Path="Zad6_3/Zad6_3.csproj" Id="82cb7af7-2b10-4559-88c0-7c09bd569486">
    <Deploy Solution="Debug|*" />
  </Project>
  <Project Path="Zad7_2/Zad7_2.csproj" Id="d5e790a3-e507-4caf-bd67-c13112ef37fb">
    <Deploy Solution="Debug|*" />
  </Project>
  <Project Path="Zad7_3/Zad7_3.csproj" Id="22b4390e-a1b6-49d0-915e-78d03afee0f2">
    <Deploy Solution="Debug|*" />
  </Project>
  <Project Path="Zad8_2/Zad8_2.csproj" Id="9b962744-f319-4dd7-9667-9feb48396d5e">
    <Deploy Solution="Debug|*" />
  </Project>
  <Project Path="Zad8_3/Zad8_3.csproj" Id="34cce6df-e27d-4faf-9a25-56a0abf1aac8">
    <Deploy Solution="Debug|*" />
  </Project>
  <Project Path="Zad9_2/Zad9_2.csproj" Id="c8391b25-82ef-49f3-aa41-633d80febdcf">
    <Deploy Solution="Debug|*" />
  </Project>
  <Project Path="Zad9_3/Zad9_3.csproj" Id="15147309-1e4b-44be-ae09-b52f994e3911">
    <Deploy Solution="Debug|*" />
  </Project>
</Solution>
